// !$*UTF8*$!
{
	archiveVersion = 1;
	classes = {
	};
	objectVersion = 46;
	objects = {

/* Begin PBXBuildFile section */
		03EBD0091BFA2C3200CD3FEC /* main.m in Sources */ = {isa = PBXBuildFile; fileRef = 03EBD0081BFA2C3200CD3FEC /* main.m */; };
		03EBD0111BFA2C6100CD3FEC /* Calculator.m in Sources */ = {isa = PBXBuildFile; fileRef = 03EBD0101BFA2C6100CD3FEC /* Calculator.m */; };
		03EBD0141BFA2CFC00CD3FEC /* Calculator+Calculator_Trig.m in Sources */ = {isa = PBXBuildFile; fileRef = 03EBD0131BFA2CFC00CD3FEC /* Calculator+Calculator_Trig.m */; };
/* End PBXBuildFile section */

/* Begin PBXCopyFilesBuildPhase section */
		03EBD0031BFA2C3200CD3FEC /* CopyFiles */ = {
			isa = PBXCopyFilesBuildPhase;
			buildActionMask = 2147483647;
			dstPath = /usr/share/man/man1/;
			dstSubfolderSpec = 0;
			files = (
			);
			runOnlyForDeploymentPostprocessing = 1;
		};
/* End PBXCopyFilesBuildPhase section */

/* Begin PBXFileReference section */
		03EBD0051BFA2C3200CD3FEC /* Calculator */ = {isa = PBXFileReference; explicitFileType = "compiled.mach-o.executable"; includeInIndex = 0; path = Calculator; sourceTree = BUILT_PRODUCTS_DIR; };
		03EBD0081BFA2C3200CD3FEC /* main.m */ = {isa = PBXFileReference; lastKnownFileType = sourcecode.c.objc; path = main.m; sourceTree = "<group>"; };
		03EBD00F1BFA2C6100CD3FEC /* Calculator.h */ = {isa = PBXFileReference; fileEncoding = 4; lastKnownFileType = sourcecode.c.h; path = Calculator.h; sourceTree = "<group>"; };
		03EBD0101BFA2C6100CD3FEC /* Calculator.m */ = {isa = PBXFileReference; fileEncoding = 4; lastKnownFileType = sourcecode.c.objc; path = Calculator.m; sourceTree = "<group>"; };
		03EBD0121BFA2CFC00CD3FEC /* Calculator+Calculator_Trig.h */ = {isa = PBXFileReference; fileEncoding = 4; lastKnownFileType = sourcecode.c.h; path = "Calculator+Calculator_Trig.h"; sourceTree = "<group>"; };
		03EBD0131BFA2CFC00CD3FEC /* Calculator+Calculator_Trig.m */ = {isa = PBXFileReference; fileEncoding = 4; lastKnownFileType = sourcecode.c.objc; path = "Calculator+Calculator_Trig.m"; sourceTree = "<group>"; };
/* End PBXFileReference section */

/* Begin PBXFrameworksBuildPhase section */
		03EBD0021BFA2C3200CD3FEC /* Frameworks */ = {
			isa = PBXFrameworksBuildPhase;
			buildActionMask = 2147483647;
			files = (
			);
			runOnlyForDeploymentPostprocessing = 0;
		};
/* End PBXFrameworksBuildPhase section */

/* Begin PBXGroup section */
		03EBCFFC1BFA2C3200CD3FEC = {
			isa = PBXGroup;
			children = (
				03EBD0071BFA2C3200CD3FEC /* Calculator */,
				03EBD0061BFA2C3200CD3FEC /* Products */,
			);
			sourceTree = "<group>";
		};
		03EBD0061BFA2C3200CD3FEC /* Products */ = {
			isa = PBXGroup;
			children = (
				03EBD0051BFA2C3200CD3FEC /* Calculator */,
			);
			name = Products;
			sourceTree = "<group>";
		};
		03EBD0071BFA2C3200CD3FEC /* Calculator */ = {
			isa = PBXGroup;
			children = (
				03EBD0081BFA2C3200CD3FEC /* main.m */,
				03EBD00F1BFA2C6100CD3FEC /* Calculator.h */,
				03EBD0121BFA2CFC00CD3FEC /* Calculator+Calculator_Trig.h */,
				03EBD0131BFA2CFC00CD3FEC /* Calculator+Calculator_Trig.m */,
				03EBD0101BFA2C6100CD3FEC /* Calculator.m */,
			);
			path = Calculator;
			sourceTree = "<group>";
		};
/* End PBXGroup section */

/* Begin PBXNativeTarget section */
		03EBD0041BFA2C3200CD3FEC /* Calculator */ = {
			isa = PBXNativeTarget;
			buildConfigurationList = 03EBD00C1BFA2C3200CD3FEC /* Build configuration list for PBXNativeTarget "Calculator" */;
			buildPhases = (
				03EBD0011BFA2C3200CD3FEC /* Sources */,
				03EBD0021BFA2C3200CD3FEC /* Frameworks */,
				03EBD0031BFA2C3200CD3FEC /* CopyFiles */,
			);
			buildRules = (
			);
			dependencies = (
			);
			name = Calculator;
			productName = Calculator;
			productReference = 03EBD0051BFA2C3200CD3FEC /* Calculator */;
			productType = "com.apple.product-type.tool";
		};
/* End PBXNativeTarget section */

/* Begin PBXProject section */
		03EBCFFD1BFA2C3200CD3FEC /* Project object */ = {
			isa = PBXProject;
			attributes = {
				LastUpgradeCheck = 0710;
				ORGANIZATIONNAME = sam;
				TargetAttributes = {
					03EBD0041BFA2C3200CD3FEC = {
						CreatedOnToolsVersion = 7.1;
					};
				};
			};
			buildConfigurationList = 03EBD0001BFA2C3200CD3FEC /* Build configuration list for PBXProject "Calculator" */;
			compatibilityVersion = "Xcode 3.2";
			developmentRegion = English;
			hasScannedForEncodings = 0;
			knownRegions = (
				en,
			);
			mainGroup = 03EBCFFC1BFA2C3200CD3FEC;
			productRefGroup = 03EBD0061BFA2C3200CD3FEC /* Products */;
			projectDirPath = "";
			projectRoot = "";
			targets = (
				03EBD0041BFA2C3200CD3FEC /* Calculator */,
			);
		};
/* End PBXProject section */

/* Begin PBXSourcesBuildPhase section */
		03EBD0011BFA2C3200CD3FEC /* Sources */ = {
			isa = PBXSourcesBuildPhase;
			buildActionMask = 2147483647;
			files = (
				03EBD0091BFA2C3200CD3FEC /* main.m in Sources */,
				03EBD0141BFA2CFC00CD3FEC /* Calculator+Calculator_Trig.m in Sources */,
				03EBD0111BFA2C6100CD3FEC /* Calculator.m in Sources */,
			);
			runOnlyForDeploymentPostprocessing = 0;
		};
/* End PBXSourcesBuildPhase section */

/* Begin XCBuildConfiguration section */
		03EBD00A1BFA2C3200CD3FEC /* Debug */ = {
			isa = XCBuildConfiguration;
			buildSettings = {
				ALWAYS_SEARCH_USER_PATHS = NO;
				CLANG_CXX_LANGUAGE_STANDARD = "gnu++0x";
				CLANG_CXX_LIBRARY = "libc++";
				CLANG_ENABLE_MODULES = YES;
				CLANG_ENABLE_OBJC_ARC = YES;
				CLANG_WARN_BOOL_CONVERSION = YES;
				CLANG_WARN_CONSTANT_CONVERSION = YES;
				CLANG_WARN_DIRECT_OBJC_ISA_USAGE = YES_ERROR;
				CLANG_WARN_EMPTY_BODY = YES;
				CLANG_WARN_ENUM_CONVERSION = YES;
				CLANG_WARN_INT_CONVERSION = YES;
				CLANG_WARN_OBJC_ROOT_CLASS = YES_ERROR;
				CLANG_WARN_UNREACHABLE_CODE = YES;
				CLANG_WARN__DUPLICATE_METHOD_MATCH = YES;
				CODE_SIGN_IDENTITY = "-";
				COPY_PHASE_STRIP = NO;
				DEBUG_INFORMATION_FORMAT = dwarf;
				ENABLE_STRICT_OBJC_MSGSEND = YES;
				ENABLE_TESTABILITY = YES;
				GCC_C_LANGUAGE_STANDARD = gnu99;
				GCC_DYNAMIC_NO_PIC = NO;
				GCC_NO_COMMON_BLOCKS = YES;
				GCC_OPTIMIZATION_LEVEL = 0;
				GCC_PREPROCESSOR_DEFINITIONS = (
					"DEBUG=1",
					"$(inherited)",
				);
				GCC_WARN_64_TO_32_BIT_CONVERSION = YES;
				GCC_WARN_ABOUT_RETURN_TYPE = YES_ERROR;
				GCC_WARN_UNDECLARED_SELECTOR = YES;
				GCC_WARN_UNINITIALIZED_AUTOS = YES_AGGRESSIVE;
				GCC_WARN_UNUSED_FUNCTION = YES;
				GCC_WARN_UNUSED_VARIABLE = YES;
				MACOSX_DEPLOYMENT_TARGET = 10.11;
				MTL_ENABLE_DEBUG_INFO = YES;
				ONLY_ACTIVE_ARCH = YES;
				SDKROOT = macosx;
			};
			name = Debug;
		};
		03EBD00B1BFA2C3200CD3FEC /* Release */ = {
			isa = XCBuildConfiguration;
			buildSettings = {
				ALWAYS_SEARCH_USER_PATHS = NO;
				CLANG_CXX_LANGUAGE_STANDARD = "gnu++0x";
				CLANG_CXX_LIBRARY = "libc++";
				CLANG_ENABLE_MODULES = YES;
				CLANG_ENABLE_OBJC_ARC = YES;
				CLANG_WARN_BOOL_CONVERSION = YES;
				CLANG_WARN_CONSTANT_CONVERSION = YES;
				CLANG_WARN_DIRECT_OBJC_ISA_USAGE = YES_ERROR;
				CLANG_WARN_EMPTY_BODY = YES;
				CLANG_WARN_ENUM_CONVERSION = YES;
				CLANG_WARN_INT_CONVERSION = YES;
				CLANG_WARN_OBJC_ROOT_CLASS = YES_ERROR;
				CLANG_WARN_UNREACHABLE_CODE = YES;
				CLANG_WARN__DUPLICATE_METHOD_MATCH = YES;
				CODE_SIGN_IDENTITY = "-";
				COPY_PHASE_STRIP = NO;
				DEBUG_INFORMATION_FORMAT = "dwarf-with-dsym";
				ENABLE_NS_ASSERTIONS = NO;
				ENABLE_STRICT_OBJC_MSGSEND = YES;
				GCC_C_LANGUAGE_STANDARD = gnu99;
				GCC_NO_COMMON_BLOCKS = YES;
				GCC_WARN_64_TO_32_BIT_CONVERSION = YES;
				GCC_WARN_ABOUT_RETURN_TYPE = YES_ERROR;
				GCC_WARN_UNDECLARED_SELECTOR = YES;
				GCC_WARN_UNINITIALIZED_AUTOS = YES_AGGRESSIVE;
				GCC_WARN_UNUSED_FUNCTION = YES;
				GCC_WARN_UNUSED_VARIABLE = YES;
				MACOSX_DEPLOYMENT_TARGET = 10.11;
				MTL_ENABLE_DEBUG_INFO = NO;
				SDKROOT = macosx;
			};
			name = Release;
		};
		03EBD00D1BFA2C3200CD3FEC /* Debug */ = {
			isa = XCBuildConfiguration;
			buildSettings = {
				PRODUCT_NAME = "$(TARGET_NAME)";
			};
			name = Debug;
		};
		03EBD00E1BFA2C3200CD3FEC /* Release */ = {
			isa = XCBuildConfiguration;
			buildSettings = {
				PRODUCT_NAME = "$(TARGET_NAME)";
			};
			name = Release;
		};
/* End XCBuildConfiguration section */

/* Begin XCConfigurationList section */
		03EBD0001BFA2C3200CD3FEC /* Build configuration list for PBXProject "Calculator" */ = {
			isa = XCConfigurationList;
			buildConfigurations = (
				03EBD00A1BFA2C3200CD3FEC /* Debug */,
				03EBD00B1BFA2C3200CD3FEC /* Release */,
			);
			defaultConfigurationIsVisible = 0;
			defaultConfigurationName = Release;
		};
		03EBD00C1BFA2C3200CD3FEC /* Build configuration list for PBXNativeTarget "Calculator" */ = {
			isa = XCConfigurationList;
			buildConfigurations = (
				03EBD00D1BFA2C3200CD3FEC /* Debug */,
				03EBD00E1BFA2C3200CD3FEC /* Release */,
			);
			defaultConfigurationIsVisible = 0;
		};
/* End XCConfigurationList section */
	};
	rootObject = 03EBCFFD1BFA2C3200CD3FEC /* Project object */;
}
