// !$*UTF8*$!
{
	archiveVersion = 1;
	classes = {
	};
	objectVersion = 46;
	objects = {

/* Begin PBXBuildFile section */
		03EBD0221BFCC2CA00CD3FEC /* main.m in Sources */ = {isa = PBXBuildFile; fileRef = 03EBD0211BFCC2CA00CD3FEC /* main.m */; };
/* End PBXBuildFile section */

/* Begin PBXCopyFilesBuildPhase section */
		03EBD01C1BFCC2CA00CD3FEC /* CopyFiles */ = {
			isa = PBXCopyFilesBuildPhase;
			buildActionMask = 2147483647;
			dstPath = /usr/share/man/man1/;
			dstSubfolderSpec = 0;
			files = (
			);
			runOnlyForDeploymentPostprocessing = 1;
		};
/* End PBXCopyFilesBuildPhase section */

/* Begin PBXFileReference section */
		03EBD01E1BFCC2CA00CD3FEC /* MOCTesting */ = {isa = PBXFileReference; explicitFileType = "compiled.mach-o.executable"; includeInIndex = 0; path = MOCTesting; sourceTree = BUILT_PRODUCTS_DIR; };
		03EBD0211BFCC2CA00CD3FEC /* main.m */ = {isa = PBXFileReference; lastKnownFileType = sourcecode.c.objc; path = main.m; sourceTree = "<group>"; };
/* End PBXFileReference section */

/* Begin PBXFrameworksBuildPhase section */
		03EBD01B1BFCC2CA00CD3FEC /* Frameworks */ = {
			isa = PBXFrameworksBuildPhase;
			buildActionMask = 2147483647;
			files = (
			);
			runOnlyForDeploymentPostprocessing = 0;
		};
/* End PBXFrameworksBuildPhase section */

/* Begin PBXGroup section */
		03EBD0151BFCC2CA00CD3FEC = {
			isa = PBXGroup;
			children = (
				03EBD0201BFCC2CA00CD3FEC /* MOCTesting */,
				03EBD01F1BFCC2CA00CD3FEC /* Products */,
			);
			sourceTree = "<group>";
		};
		03EBD01F1BFCC2CA00CD3FEC /* Products */ = {
			isa = PBXGroup;
			children = (
				03EBD01E1BFCC2CA00CD3FEC /* MOCTesting */,
			);
			name = Products;
			sourceTree = "<group>";
		};
		03EBD0201BFCC2CA00CD3FEC /* MOCTesting */ = {
			isa = PBXGroup;
			children = (
				03EBD0211BFCC2CA00CD3FEC /* main.m */,
			);
			path = MOCTesting;
			sourceTree = "<group>";
		};
/* End PBXGroup section */

/* Begin PBXNativeTarget section */
		03EBD01D1BFCC2CA00CD3FEC /* MOCTesting */ = {
			isa = PBXNativeTarget;
			buildConfigurationList = 03EBD0251BFCC2CA00CD3FEC /* Build configuration list for PBXNativeTarget "MOCTesting" */;
			buildPhases = (
				03EBD01A1BFCC2CA00CD3FEC /* Sources */,
				03EBD01B1BFCC2CA00CD3FEC /* Frameworks */,
				03EBD01C1BFCC2CA00CD3FEC /* CopyFiles */,
			);
			buildRules = (
			);
			dependencies = (
			);
			name = MOCTesting;
			productName = MOCTesting;
			productReference = 03EBD01E1BFCC2CA00CD3FEC /* MOCTesting */;
			productType = "com.apple.product-type.tool";
		};
/* End PBXNativeTarget section */

/* Begin PBXProject section */
		03EBD0161BFCC2CA00CD3FEC /* Project object */ = {
			isa = PBXProject;
			attributes = {
				LastUpgradeCheck = 0710;
				ORGANIZATIONNAME = sam;
				TargetAttributes = {
					03EBD01D1BFCC2CA00CD3FEC = {
						CreatedOnToolsVersion = 7.1;
					};
				};
			};
			buildConfigurationList = 03EBD0191BFCC2CA00CD3FEC /* Build configuration list for PBXProject "MOCTesting" */;
			compatibilityVersion = "Xcode 3.2";
			developmentRegion = English;
			hasScannedForEncodings = 0;
			knownRegions = (
				en,
			);
			mainGroup = 03EBD0151BFCC2CA00CD3FEC;
			productRefGroup = 03EBD01F1BFCC2CA00CD3FEC /* Products */;
			projectDirPath = "";
			projectRoot = "";
			targets = (
				03EBD01D1BFCC2CA00CD3FEC /* MOCTesting */,
			);
		};
/* End PBXProject section */

/* Begin PBXSourcesBuildPhase section */
		03EBD01A1BFCC2CA00CD3FEC /* Sources */ = {
			isa = PBXSourcesBuildPhase;
			buildActionMask = 2147483647;
			files = (
				03EBD0221BFCC2CA00CD3FEC /* main.m in Sources */,
			);
			runOnlyForDeploymentPostprocessing = 0;
		};
/* End PBXSourcesBuildPhase section */

/* Begin XCBuildConfiguration section */
		03EBD0231BFCC2CA00CD3FEC /* Debug */ = {
			isa = XCBuildConfiguration;
			buildSettings = {
				ALWAYS_SEARCH_USER_PATHS = NO;
				CLANG_CXX_LANGUAGE_STANDARD = "gnu++0x";
				CLANG_CXX_LIBRARY = "libc++";
				CLANG_ENABLE_MODULES = YES;
				CLANG_ENABLE_OBJC_ARC = YES;
				CLANG_WARN_BOOL_CONVERSION = YES;
				CLANG_WARN_CONSTANT_CONVERSION = YES;
				CLANG_WARN_DIRECT_OBJC_ISA_USAGE = YES_ERROR;
				CLANG_WARN_EMPTY_BODY = YES;
				CLANG_WARN_ENUM_CONVERSION = YES;
				CLANG_WARN_INT_CONVERSION = YES;
				CLANG_WARN_OBJC_ROOT_CLASS = YES_ERROR;
				CLANG_WARN_UNREACHABLE_CODE = YES;
				CLANG_WARN__DUPLICATE_METHOD_MATCH = YES;
				CODE_SIGN_IDENTITY = "-";
				COPY_PHASE_STRIP = NO;
				DEBUG_INFORMATION_FORMAT = dwarf;
				ENABLE_STRICT_OBJC_MSGSEND = YES;
				ENABLE_TESTABILITY = YES;
				GCC_C_LANGUAGE_STANDARD = gnu99;
				GCC_DYNAMIC_NO_PIC = NO;
				GCC_NO_COMMON_BLOCKS = YES;
				GCC_OPTIMIZATION_LEVEL = 0;
				GCC_PREPROCESSOR_DEFINITIONS = (
					"DEBUG=1",
					"$(inherited)",
				);
				GCC_WARN_64_TO_32_BIT_CONVERSION = YES;
				GCC_WARN_ABOUT_RETURN_TYPE = YES_ERROR;
				GCC_WARN_UNDECLARED_SELECTOR = YES;
				GCC_WARN_UNINITIALIZED_AUTOS = YES_AGGRESSIVE;
				GCC_WARN_UNUSED_FUNCTION = YES;
				GCC_WARN_UNUSED_VARIABLE = YES;
				MACOSX_DEPLOYMENT_TARGET = 10.11;
				MTL_ENABLE_DEBUG_INFO = YES;
				ONLY_ACTIVE_ARCH = YES;
				SDKROOT = macosx;
			};
			name = Debug;
		};
		03EBD0241BFCC2CA00CD3FEC /* Release */ = {
			isa = XCBuildConfiguration;
			buildSettings = {
				ALWAYS_SEARCH_USER_PATHS = NO;
				CLANG_CXX_LANGUAGE_STANDARD = "gnu++0x";
				CLANG_CXX_LIBRARY = "libc++";
				CLANG_ENABLE_MODULES = YES;
				CLANG_ENABLE_OBJC_ARC = YES;
				CLANG_WARN_BOOL_CONVERSION = YES;
				CLANG_WARN_CONSTANT_CONVERSION = YES;
				CLANG_WARN_DIRECT_OBJC_ISA_USAGE = YES_ERROR;
				CLANG_WARN_EMPTY_BODY = YES;
				CLANG_WARN_ENUM_CONVERSION = YES;
				CLANG_WARN_INT_CONVERSION = YES;
				CLANG_WARN_OBJC_ROOT_CLASS = YES_ERROR;
				CLANG_WARN_UNREACHABLE_CODE = YES;
				CLANG_WARN__DUPLICATE_METHOD_MATCH = YES;
				CODE_SIGN_IDENTITY = "-";
				COPY_PHASE_STRIP = NO;
				DEBUG_INFORMATION_FORMAT = "dwarf-with-dsym";
				ENABLE_NS_ASSERTIONS = NO;
				ENABLE_STRICT_OBJC_MSGSEND = YES;
				GCC_C_LANGUAGE_STANDARD = gnu99;
				GCC_NO_COMMON_BLOCKS = YES;
				GCC_WARN_64_TO_32_BIT_CONVERSION = YES;
				GCC_WARN_ABOUT_RETURN_TYPE = YES_ERROR;
				GCC_WARN_UNDECLARED_SELECTOR = YES;
				GCC_WARN_UNINITIALIZED_AUTOS = YES_AGGRESSIVE;
				GCC_WARN_UNUSED_FUNCTION = YES;
				GCC_WARN_UNUSED_VARIABLE = YES;
				MACOSX_DEPLOYMENT_TARGET = 10.11;
				MTL_ENABLE_DEBUG_INFO = NO;
				SDKROOT = macosx;
			};
			name = Release;
		};
		03EBD0261BFCC2CA00CD3FEC /* Debug */ = {
			isa = XCBuildConfiguration;
			buildSettings = {
				PRODUCT_NAME = "$(TARGET_NAME)";
			};
			name = Debug;
		};
		03EBD0271BFCC2CA00CD3FEC /* Release */ = {
			isa = XCBuildConfiguration;
			buildSettings = {
				PRODUCT_NAME = "$(TARGET_NAME)";
			};
			name = Release;
		};
/* End XCBuildConfiguration section */

/* Begin XCConfigurationList section */
		03EBD0191BFCC2CA00CD3FEC /* Build configuration list for PBXProject "MOCTesting" */ = {
			isa = XCConfigurationList;
			buildConfigurations = (
				03EBD0231BFCC2CA00CD3FEC /* Debug */,
				03EBD0241BFCC2CA00CD3FEC /* Release */,
			);
			defaultConfigurationIsVisible = 0;
			defaultConfigurationName = Release;
		};
		03EBD0251BFCC2CA00CD3FEC /* Build configuration list for PBXNativeTarget "MOCTesting" */ = {
			isa = XCConfigurationList;
			buildConfigurations = (
				03EBD0261BFCC2CA00CD3FEC /* Debug */,
				03EBD0271BFCC2CA00CD3FEC /* Release */,
			);
			defaultConfigurationIsVisible = 0;
		};
/* End XCConfigurationList section */
	};
	rootObject = 03EBD0161BFCC2CA00CD3FEC /* Project object */;
}
